// !$*UTF8*$!
{
	archiveVersion = 1;
	classes = {
	};
	objectVersion = 48;
	objects = {

/* Begin PBXBuildFile section */
		7246B1FF205F6EA50094DC45 /* AppDelegate.swift in Sources */ = {isa = PBXBuildFile; fileRef = 7246B1FE205F6EA50094DC45 /* AppDelegate.swift */; };
		7246B204205F6EA50094DC45 /* Main.storyboard in Resources */ = {isa = PBXBuildFile; fileRef = 7246B202205F6EA50094DC45 /* Main.storyboard */; };
		7246B206205F6EA50094DC45 /* Assets.xcassets in Resources */ = {isa = PBXBuildFile; fileRef = 7246B205205F6EA50094DC45 /* Assets.xcassets */; };
		7246B209205F6EA50094DC45 /* LaunchScreen.storyboard in Resources */ = {isa = PBXBuildFile; fileRef = 7246B207205F6EA50094DC45 /* LaunchScreen.storyboard */; };
		7246B213205F6EDA0094DC45 /* HealthKit.framework in Frameworks */ = {isa = PBXBuildFile; fileRef = 7246B212205F6EDA0094DC45 /* HealthKit.framework */; };
		7246B221205F76BE0094DC45 /* HopprlabClient.swift in Sources */ = {isa = PBXBuildFile; fileRef = 7246B21C205F76BD0094DC45 /* HopprlabClient.swift */; };
		7246B222205F76BE0094DC45 /* APIClient.swift in Sources */ = {isa = PBXBuildFile; fileRef = 7246B21D205F76BD0094DC45 /* APIClient.swift */; };
		7246B223205F76BE0094DC45 /* JSONDecodable.swift in Sources */ = {isa = PBXBuildFile; fileRef = 7246B21E205F76BD0094DC45 /* JSONDecodable.swift */; };
		7246B224205F76BE0094DC45 /* Result.swift in Sources */ = {isa = PBXBuildFile; fileRef = 7246B21F205F76BE0094DC45 /* Result.swift */; };
		7246B225205F76BE0094DC45 /* Endpoint.swift in Sources */ = {isa = PBXBuildFile; fileRef = 7246B220205F76BE0094DC45 /* Endpoint.swift */; };
		7246B227205F78780094DC45 /* Doctor.swift in Sources */ = {isa = PBXBuildFile; fileRef = 7246B226205F78780094DC45 /* Doctor.swift */; };
		7274A2B7205FA4FB004A85E3 /* DoctorController.swift in Sources */ = {isa = PBXBuildFile; fileRef = 7274A2B6205FA4FB004A85E3 /* DoctorController.swift */; };
		7274A2B9205FA542004A85E3 /* DoctorSearchResultsController.swift in Sources */ = {isa = PBXBuildFile; fileRef = 7274A2B8205FA542004A85E3 /* DoctorSearchResultsController.swift */; };
		7277153B2060D810003B53FC /* DoctorSearchResultsDataSource.swift in Sources */ = {isa = PBXBuildFile; fileRef = 7277153A2060D80F003B53FC /* DoctorSearchResultsDataSource.swift */; };
		7277153E2060D916003B53FC /* DoctorCell.swift in Sources */ = {isa = PBXBuildFile; fileRef = 7277153D2060D916003B53FC /* DoctorCell.swift */; };
		727715402060D986003B53FC /* DoctorCellViewModel.swift in Sources */ = {isa = PBXBuildFile; fileRef = 7277153F2060D986003B53FC /* DoctorCellViewModel.swift */; };
		727715422060F269003B53FC /* DoctorDetailController.swift in Sources */ = {isa = PBXBuildFile; fileRef = 727715412060F269003B53FC /* DoctorDetailController.swift */; };
		72E4024A206A2193004B6CE6 /* Contact.swift in Sources */ = {isa = PBXBuildFile; fileRef = 72E40249206A2192004B6CE6 /* Contact.swift */; };
		72E4024D206A2575004B6CE6 /* ContactData.swift in Sources */ = {isa = PBXBuildFile; fileRef = 72E4024C206A2575004B6CE6 /* ContactData.swift */; };
		72E4024F206A2912004B6CE6 /* ContactDataSource.swift in Sources */ = {isa = PBXBuildFile; fileRef = 72E4024E206A2912004B6CE6 /* ContactDataSource.swift */; };
		72E40253206A2DFD004B6CE6 /* ContactCell.swift in Sources */ = {isa = PBXBuildFile; fileRef = 72E40252206A2DFC004B6CE6 /* ContactCell.swift */; };
		72E40255206A2E8D004B6CE6 /* ContactCellViewModel.swift in Sources */ = {isa = PBXBuildFile; fileRef = 72E40254206A2E8D004B6CE6 /* ContactCellViewModel.swift */; };
		72E4025D206B1A54004B6CE6 /* AboutUsController.swift in Sources */ = {isa = PBXBuildFile; fileRef = 72E4025C206B1A54004B6CE6 /* AboutUsController.swift */; };
		72E4025F206B1AB0004B6CE6 /* AboutUsDataSource.swift in Sources */ = {isa = PBXBuildFile; fileRef = 72E4025E206B1AB0004B6CE6 /* AboutUsDataSource.swift */; };
		72E40261206B1BE5004B6CE6 /* AboutUsData.swift in Sources */ = {isa = PBXBuildFile; fileRef = 72E40260206B1BE4004B6CE6 /* AboutUsData.swift */; };
		72E40263206B1EE7004B6CE6 /* AboutUsCell.swift in Sources */ = {isa = PBXBuildFile; fileRef = 72E40262206B1EE7004B6CE6 /* AboutUsCell.swift */; };
		72E40265206B2E33004B6CE6 /* Coordinate.swift in Sources */ = {isa = PBXBuildFile; fileRef = 72E40264206B2E33004B6CE6 /* Coordinate.swift */; };
		72E40267206B2E98004B6CE6 /* CoordinateData.swift in Sources */ = {isa = PBXBuildFile; fileRef = 72E40266206B2E98004B6CE6 /* CoordinateData.swift */; };
		72E40269206B2FEF004B6CE6 /* LocationController.swift in Sources */ = {isa = PBXBuildFile; fileRef = 72E40268206B2FEF004B6CE6 /* LocationController.swift */; };
/* End PBXBuildFile section */

/* Begin PBXFileReference section */
		7246B1FB205F6EA50094DC45 /* Asian Hospital.app */ = {isa = PBXFileReference; explicitFileType = wrapper.application; includeInIndex = 0; path = "Asian Hospital.app"; sourceTree = BUILT_PRODUCTS_DIR; };
		7246B1FE205F6EA50094DC45 /* AppDelegate.swift */ = {isa = PBXFileReference; lastKnownFileType = sourcecode.swift; path = AppDelegate.swift; sourceTree = "<group>"; };
		7246B203205F6EA50094DC45 /* Base */ = {isa = PBXFileReference; lastKnownFileType = file.storyboard; name = Base; path = Base.lproj/Main.storyboard; sourceTree = "<group>"; };
		7246B205205F6EA50094DC45 /* Assets.xcassets */ = {isa = PBXFileReference; lastKnownFileType = folder.assetcatalog; path = Assets.xcassets; sourceTree = "<group>"; };
		7246B208205F6EA50094DC45 /* Base */ = {isa = PBXFileReference; lastKnownFileType = file.storyboard; name = Base; path = Base.lproj/LaunchScreen.storyboard; sourceTree = "<group>"; };
		7246B20A205F6EA50094DC45 /* Info.plist */ = {isa = PBXFileReference; lastKnownFileType = text.plist.xml; path = Info.plist; sourceTree = "<group>"; };
		7246B210205F6EDA0094DC45 /* Asian Hospital.entitlements */ = {isa = PBXFileReference; lastKnownFileType = text.plist.entitlements; path = "Asian Hospital.entitlements"; sourceTree = "<group>"; };
		7246B212205F6EDA0094DC45 /* HealthKit.framework */ = {isa = PBXFileReference; lastKnownFileType = wrapper.framework; name = HealthKit.framework; path = System/Library/Frameworks/HealthKit.framework; sourceTree = SDKROOT; };
		7246B21C205F76BD0094DC45 /* HopprlabClient.swift */ = {isa = PBXFileReference; fileEncoding = 4; lastKnownFileType = sourcecode.swift; path = HopprlabClient.swift; sourceTree = "<group>"; };
		7246B21D205F76BD0094DC45 /* APIClient.swift */ = {isa = PBXFileReference; fileEncoding = 4; lastKnownFileType = sourcecode.swift; path = APIClient.swift; sourceTree = "<group>"; };
		7246B21E205F76BD0094DC45 /* JSONDecodable.swift */ = {isa = PBXFileReference; fileEncoding = 4; lastKnownFileType = sourcecode.swift; path = JSONDecodable.swift; sourceTree = "<group>"; };
		7246B21F205F76BE0094DC45 /* Result.swift */ = {isa = PBXFileReference; fileEncoding = 4; lastKnownFileType = sourcecode.swift; path = Result.swift; sourceTree = "<group>"; };
		7246B220205F76BE0094DC45 /* Endpoint.swift */ = {isa = PBXFileReference; fileEncoding = 4; lastKnownFileType = sourcecode.swift; path = Endpoint.swift; sourceTree = "<group>"; };
		7246B226205F78780094DC45 /* Doctor.swift */ = {isa = PBXFileReference; lastKnownFileType = sourcecode.swift; path = Doctor.swift; sourceTree = "<group>"; };
		7274A2B6205FA4FB004A85E3 /* DoctorController.swift */ = {isa = PBXFileReference; lastKnownFileType = sourcecode.swift; path = DoctorController.swift; sourceTree = "<group>"; };
		7274A2B8205FA542004A85E3 /* DoctorSearchResultsController.swift */ = {isa = PBXFileReference; lastKnownFileType = sourcecode.swift; path = DoctorSearchResultsController.swift; sourceTree = "<group>"; };
		7277153A2060D80F003B53FC /* DoctorSearchResultsDataSource.swift */ = {isa = PBXFileReference; lastKnownFileType = sourcecode.swift; path = DoctorSearchResultsDataSource.swift; sourceTree = "<group>"; };
		7277153D2060D916003B53FC /* DoctorCell.swift */ = {isa = PBXFileReference; lastKnownFileType = sourcecode.swift; path = DoctorCell.swift; sourceTree = "<group>"; };
		7277153F2060D986003B53FC /* DoctorCellViewModel.swift */ = {isa = PBXFileReference; lastKnownFileType = sourcecode.swift; path = DoctorCellViewModel.swift; sourceTree = "<group>"; };
		727715412060F269003B53FC /* DoctorDetailController.swift */ = {isa = PBXFileReference; lastKnownFileType = sourcecode.swift; path = DoctorDetailController.swift; sourceTree = "<group>"; };
		72E40249206A2192004B6CE6 /* Contact.swift */ = {isa = PBXFileReference; lastKnownFileType = sourcecode.swift; path = Contact.swift; sourceTree = "<group>"; };
		72E4024C206A2575004B6CE6 /* ContactData.swift */ = {isa = PBXFileReference; lastKnownFileType = sourcecode.swift; path = ContactData.swift; sourceTree = "<group>"; };
		72E4024E206A2912004B6CE6 /* ContactDataSource.swift */ = {isa = PBXFileReference; lastKnownFileType = sourcecode.swift; path = ContactDataSource.swift; sourceTree = "<group>"; };
		72E40252206A2DFC004B6CE6 /* ContactCell.swift */ = {isa = PBXFileReference; lastKnownFileType = sourcecode.swift; path = ContactCell.swift; sourceTree = "<group>"; };
		72E40254206A2E8D004B6CE6 /* ContactCellViewModel.swift */ = {isa = PBXFileReference; lastKnownFileType = sourcecode.swift; path = ContactCellViewModel.swift; sourceTree = "<group>"; };
		72E4025C206B1A54004B6CE6 /* AboutUsController.swift */ = {isa = PBXFileReference; lastKnownFileType = sourcecode.swift; path = AboutUsController.swift; sourceTree = "<group>"; };
		72E4025E206B1AB0004B6CE6 /* AboutUsDataSource.swift */ = {isa = PBXFileReference; lastKnownFileType = sourcecode.swift; path = AboutUsDataSource.swift; sourceTree = "<group>"; };
		72E40260206B1BE4004B6CE6 /* AboutUsData.swift */ = {isa = PBXFileReference; lastKnownFileType = sourcecode.swift; path = AboutUsData.swift; sourceTree = "<group>"; };
		72E40262206B1EE7004B6CE6 /* AboutUsCell.swift */ = {isa = PBXFileReference; lastKnownFileType = sourcecode.swift; path = AboutUsCell.swift; sourceTree = "<group>"; };
		72E40264206B2E33004B6CE6 /* Coordinate.swift */ = {isa = PBXFileReference; lastKnownFileType = sourcecode.swift; path = Coordinate.swift; sourceTree = "<group>"; };
		72E40266206B2E98004B6CE6 /* CoordinateData.swift */ = {isa = PBXFileReference; lastKnownFileType = sourcecode.swift; path = CoordinateData.swift; sourceTree = "<group>"; };
		72E40268206B2FEF004B6CE6 /* LocationController.swift */ = {isa = PBXFileReference; lastKnownFileType = sourcecode.swift; path = LocationController.swift; sourceTree = "<group>"; };
/* End PBXFileReference section */

/* Begin PBXFrameworksBuildPhase section */
		7246B1F8205F6EA50094DC45 /* Frameworks */ = {
			isa = PBXFrameworksBuildPhase;
			buildActionMask = 2147483647;
			files = (
				7246B213205F6EDA0094DC45 /* HealthKit.framework in Frameworks */,
			);
			runOnlyForDeploymentPostprocessing = 0;
		};
/* End PBXFrameworksBuildPhase section */

/* Begin PBXGroup section */
		7246B1F2205F6EA50094DC45 = {
			isa = PBXGroup;
			children = (
				7246B1FD205F6EA50094DC45 /* Asian Hospital */,
				7246B1FC205F6EA50094DC45 /* Products */,
				7246B211205F6EDA0094DC45 /* Frameworks */,
			);
			sourceTree = "<group>";
		};
		7246B1FC205F6EA50094DC45 /* Products */ = {
			isa = PBXGroup;
			children = (
				7246B1FB205F6EA50094DC45 /* Asian Hospital.app */,
			);
			name = Products;
			sourceTree = "<group>";
		};
		7246B1FD205F6EA50094DC45 /* Asian Hospital */ = {
			isa = PBXGroup;
			children = (
				7246B20A205F6EA50094DC45 /* Info.plist */,
				7246B210205F6EDA0094DC45 /* Asian Hospital.entitlements */,
				7246B219205F760C0094DC45 /* View Models */,
				7246B218205F76050094DC45 /* Data Sources */,
				7246B217205F75FD0094DC45 /* Networking */,
				7246B216205F75F60094DC45 /* Controllers */,
				7246B215205F75F10094DC45 /* Views */,
				7246B214205F75EB0094DC45 /* Models */,
				72E4024B206A2524004B6CE6 /* Data */,
				7246B21A205F76120094DC45 /* Supporting Files */,
				7246B21B205F76170094DC45 /* Assets */,
			);
			path = "Asian Hospital";
			sourceTree = "<group>";
		};
		7246B211205F6EDA0094DC45 /* Frameworks */ = {
			isa = PBXGroup;
			children = (
				7246B212205F6EDA0094DC45 /* HealthKit.framework */,
			);
			name = Frameworks;
			sourceTree = "<group>";
		};
		7246B214205F75EB0094DC45 /* Models */ = {
			isa = PBXGroup;
			children = (
				7246B226205F78780094DC45 /* Doctor.swift */,
				72E40249206A2192004B6CE6 /* Contact.swift */,
				72E40264206B2E33004B6CE6 /* Coordinate.swift */,
			);
			path = Models;
			sourceTree = "<group>";
		};
		7246B215205F75F10094DC45 /* Views */ = {
			isa = PBXGroup;
			children = (
				7246B202205F6EA50094DC45 /* Main.storyboard */,
				7246B207205F6EA50094DC45 /* LaunchScreen.storyboard */,
				7277153C2060D8F9003B53FC /* Cells */,
			);
			path = Views;
			sourceTree = "<group>";
		};
		7246B216205F75F60094DC45 /* Controllers */ = {
			isa = PBXGroup;
			children = (
				7274A2B6205FA4FB004A85E3 /* DoctorController.swift */,
				7274A2B8205FA542004A85E3 /* DoctorSearchResultsController.swift */,
				727715412060F269003B53FC /* DoctorDetailController.swift */,
				72E4025C206B1A54004B6CE6 /* AboutUsController.swift */,
				72E40268206B2FEF004B6CE6 /* LocationController.swift */,
			);
			path = Controllers;
			sourceTree = "<group>";
		};
		7246B217205F75FD0094DC45 /* Networking */ = {
			isa = PBXGroup;
			children = (
				7246B21E205F76BD0094DC45 /* JSONDecodable.swift */,
				7246B21F205F76BE0094DC45 /* Result.swift */,
				7246B220205F76BE0094DC45 /* Endpoint.swift */,
				7246B21D205F76BD0094DC45 /* APIClient.swift */,
				7246B21C205F76BD0094DC45 /* HopprlabClient.swift */,
			);
			path = Networking;
			sourceTree = "<group>";
		};
		7246B218205F76050094DC45 /* Data Sources */ = {
			isa = PBXGroup;
			children = (
				7277153A2060D80F003B53FC /* DoctorSearchResultsDataSource.swift */,
				72E4024E206A2912004B6CE6 /* ContactDataSource.swift */,
				72E4025E206B1AB0004B6CE6 /* AboutUsDataSource.swift */,
			);
			path = "Data Sources";
			sourceTree = "<group>";
		};
		7246B219205F760C0094DC45 /* View Models */ = {
			isa = PBXGroup;
			children = (
				7277153F2060D986003B53FC /* DoctorCellViewModel.swift */,
				72E40254206A2E8D004B6CE6 /* ContactCellViewModel.swift */,
			);
			path = "View Models";
			sourceTree = "<group>";
		};
		7246B21A205F76120094DC45 /* Supporting Files */ = {
			isa = PBXGroup;
			children = (
				7246B1FE205F6EA50094DC45 /* AppDelegate.swift */,
			);
			path = "Supporting Files";
			sourceTree = "<group>";
		};
		7246B21B205F76170094DC45 /* Assets */ = {
			isa = PBXGroup;
			children = (
				7246B205205F6EA50094DC45 /* Assets.xcassets */,
			);
			path = Assets;
			sourceTree = "<group>";
		};
		7277153C2060D8F9003B53FC /* Cells */ = {
			isa = PBXGroup;
			children = (
				7277153D2060D916003B53FC /* DoctorCell.swift */,
				72E40252206A2DFC004B6CE6 /* ContactCell.swift */,
				72E40262206B1EE7004B6CE6 /* AboutUsCell.swift */,
			);
			path = Cells;
			sourceTree = "<group>";
		};
		72E4024B206A2524004B6CE6 /* Data */ = {
			isa = PBXGroup;
			children = (
				72E4024C206A2575004B6CE6 /* ContactData.swift */,
				72E40260206B1BE4004B6CE6 /* AboutUsData.swift */,
				72E40266206B2E98004B6CE6 /* CoordinateData.swift */,
			);
			path = Data;
			sourceTree = "<group>";
		};
/* End PBXGroup section */

/* Begin PBXNativeTarget section */
		7246B1FA205F6EA50094DC45 /* Asian Hospital */ = {
			isa = PBXNativeTarget;
			buildConfigurationList = 7246B20D205F6EA50094DC45 /* Build configuration list for PBXNativeTarget "Asian Hospital" */;
			buildPhases = (
				7246B1F7205F6EA50094DC45 /* Sources */,
				7246B1F8205F6EA50094DC45 /* Frameworks */,
				7246B1F9205F6EA50094DC45 /* Resources */,
			);
			buildRules = (
			);
			dependencies = (
			);
			name = "Asian Hospital";
			productName = "Asian Hospital";
			productReference = 7246B1FB205F6EA50094DC45 /* Asian Hospital.app */;
			productType = "com.apple.product-type.application";
		};
/* End PBXNativeTarget section */

/* Begin PBXProject section */
		7246B1F3205F6EA50094DC45 /* Project object */ = {
			isa = PBXProject;
			attributes = {
				LastSwiftUpdateCheck = 0920;
				LastUpgradeCheck = 0920;
				ORGANIZATIONNAME = "Asian Hospital Inc";
				TargetAttributes = {
					7246B1FA205F6EA50094DC45 = {
						CreatedOnToolsVersion = 9.2;
						ProvisioningStyle = Automatic;
						SystemCapabilities = {
							com.apple.DataProtection = {
								enabled = 1;
							};
							com.apple.HealthKit = {
								enabled = 1;
							};
						};
					};
				};
			};
			buildConfigurationList = 7246B1F6205F6EA50094DC45 /* Build configuration list for PBXProject "Asian Hospital" */;
			compatibilityVersion = "Xcode 8.0";
			developmentRegion = en;
			hasScannedForEncodings = 0;
			knownRegions = (
				en,
				Base,
			);
			mainGroup = 7246B1F2205F6EA50094DC45;
			productRefGroup = 7246B1FC205F6EA50094DC45 /* Products */;
			projectDirPath = "";
			projectRoot = "";
			targets = (
				7246B1FA205F6EA50094DC45 /* Asian Hospital */,
			);
		};
/* End PBXProject section */

/* Begin PBXResourcesBuildPhase section */
		7246B1F9205F6EA50094DC45 /* Resources */ = {
			isa = PBXResourcesBuildPhase;
			buildActionMask = 2147483647;
			files = (
				7246B209205F6EA50094DC45 /* LaunchScreen.storyboard in Resources */,
				7246B206205F6EA50094DC45 /* Assets.xcassets in Resources */,
				7246B204205F6EA50094DC45 /* Main.storyboard in Resources */,
			);
			runOnlyForDeploymentPostprocessing = 0;
		};
/* End PBXResourcesBuildPhase section */

/* Begin PBXSourcesBuildPhase section */
		7246B1F7205F6EA50094DC45 /* Sources */ = {
			isa = PBXSourcesBuildPhase;
			buildActionMask = 2147483647;
			files = (
				72E40253206A2DFD004B6CE6 /* ContactCell.swift in Sources */,
				72E40267206B2E98004B6CE6 /* CoordinateData.swift in Sources */,
				72E40261206B1BE5004B6CE6 /* AboutUsData.swift in Sources */,
				7246B225205F76BE0094DC45 /* Endpoint.swift in Sources */,
				7274A2B9205FA542004A85E3 /* DoctorSearchResultsController.swift in Sources */,
				72E40265206B2E33004B6CE6 /* Coordinate.swift in Sources */,
				72E4025F206B1AB0004B6CE6 /* AboutUsDataSource.swift in Sources */,
				72E40255206A2E8D004B6CE6 /* ContactCellViewModel.swift in Sources */,
				7277153E2060D916003B53FC /* DoctorCell.swift in Sources */,
				72E40263206B1EE7004B6CE6 /* AboutUsCell.swift in Sources */,
				727715402060D986003B53FC /* DoctorCellViewModel.swift in Sources */,
				7277153B2060D810003B53FC /* DoctorSearchResultsDataSource.swift in Sources */,
				7246B224205F76BE0094DC45 /* Result.swift in Sources */,
				72E4024A206A2193004B6CE6 /* Contact.swift in Sources */,
				7246B227205F78780094DC45 /* Doctor.swift in Sources */,
				7246B221205F76BE0094DC45 /* HopprlabClient.swift in Sources */,
				72E4024F206A2912004B6CE6 /* ContactDataSource.swift in Sources */,
				727715422060F269003B53FC /* DoctorDetailController.swift in Sources */,
				72E40269206B2FEF004B6CE6 /* LocationController.swift in Sources */,
				7274A2B7205FA4FB004A85E3 /* DoctorController.swift in Sources */,
				7246B223205F76BE0094DC45 /* JSONDecodable.swift in Sources */,
				7246B1FF205F6EA50094DC45 /* AppDelegate.swift in Sources */,
				72E4025D206B1A54004B6CE6 /* AboutUsController.swift in Sources */,
				7246B222205F76BE0094DC45 /* APIClient.swift in Sources */,
				72E4024D206A2575004B6CE6 /* ContactData.swift in Sources */,
			);
			runOnlyForDeploymentPostprocessing = 0;
		};
/* End PBXSourcesBuildPhase section */

/* Begin PBXVariantGroup section */
		7246B202205F6EA50094DC45 /* Main.storyboard */ = {
			isa = PBXVariantGroup;
			children = (
				7246B203205F6EA50094DC45 /* Base */,
			);
			name = Main.storyboard;
			sourceTree = "<group>";
		};
		7246B207205F6EA50094DC45 /* LaunchScreen.storyboard */ = {
			isa = PBXVariantGroup;
			children = (
				7246B208205F6EA50094DC45 /* Base */,
			);
			name = LaunchScreen.storyboard;
			sourceTree = "<group>";
		};
/* End PBXVariantGroup section */

/* Begin XCBuildConfiguration section */
		7246B20B205F6EA50094DC45 /* Debug */ = {
			isa = XCBuildConfiguration;
			buildSettings = {
				ALWAYS_SEARCH_USER_PATHS = NO;
				CLANG_ANALYZER_NONNULL = YES;
				CLANG_ANALYZER_NUMBER_OBJECT_CONVERSION = YES_AGGRESSIVE;
				CLANG_CXX_LANGUAGE_STANDARD = "gnu++14";
				CLANG_CXX_LIBRARY = "libc++";
				CLANG_ENABLE_MODULES = YES;
				CLANG_ENABLE_OBJC_ARC = YES;
				CLANG_WARN_BLOCK_CAPTURE_AUTORELEASING = YES;
				CLANG_WARN_BOOL_CONVERSION = YES;
				CLANG_WARN_COMMA = YES;
				CLANG_WARN_CONSTANT_CONVERSION = YES;
				CLANG_WARN_DIRECT_OBJC_ISA_USAGE = YES_ERROR;
				CLANG_WARN_DOCUMENTATION_COMMENTS = YES;
				CLANG_WARN_EMPTY_BODY = YES;
				CLANG_WARN_ENUM_CONVERSION = YES;
				CLANG_WARN_INFINITE_RECURSION = YES;
				CLANG_WARN_INT_CONVERSION = YES;
				CLANG_WARN_NON_LITERAL_NULL_CONVERSION = YES;
				CLANG_WARN_OBJC_LITERAL_CONVERSION = YES;
				CLANG_WARN_OBJC_ROOT_CLASS = YES_ERROR;
				CLANG_WARN_RANGE_LOOP_ANALYSIS = YES;
				CLANG_WARN_STRICT_PROTOTYPES = YES;
				CLANG_WARN_SUSPICIOUS_MOVE = YES;
				CLANG_WARN_UNGUARDED_AVAILABILITY = YES_AGGRESSIVE;
				CLANG_WARN_UNREACHABLE_CODE = YES;
				CLANG_WARN__DUPLICATE_METHOD_MATCH = YES;
				CODE_SIGN_IDENTITY = "iPhone Developer";
				COPY_PHASE_STRIP = NO;
				DEBUG_INFORMATION_FORMAT = dwarf;
				ENABLE_STRICT_OBJC_MSGSEND = YES;
				ENABLE_TESTABILITY = YES;
				GCC_C_LANGUAGE_STANDARD = gnu11;
				GCC_DYNAMIC_NO_PIC = NO;
				GCC_NO_COMMON_BLOCKS = YES;
				GCC_OPTIMIZATION_LEVEL = 0;
				GCC_PREPROCESSOR_DEFINITIONS = (
					"DEBUG=1",
					"$(inherited)",
				);
				GCC_WARN_64_TO_32_BIT_CONVERSION = YES;
				GCC_WARN_ABOUT_RETURN_TYPE = YES_ERROR;
				GCC_WARN_UNDECLARED_SELECTOR = YES;
				GCC_WARN_UNINITIALIZED_AUTOS = YES_AGGRESSIVE;
				GCC_WARN_UNUSED_FUNCTION = YES;
				GCC_WARN_UNUSED_VARIABLE = YES;
				IPHONEOS_DEPLOYMENT_TARGET = 11.2;
				MTL_ENABLE_DEBUG_INFO = YES;
				ONLY_ACTIVE_ARCH = YES;
				SDKROOT = iphoneos;
				SWIFT_ACTIVE_COMPILATION_CONDITIONS = DEBUG;
				SWIFT_OPTIMIZATION_LEVEL = "-Onone";
			};
			name = Debug;
		};
		7246B20C205F6EA50094DC45 /* Release */ = {
			isa = XCBuildConfiguration;
			buildSettings = {
				ALWAYS_SEARCH_USER_PATHS = NO;
				CLANG_ANALYZER_NONNULL = YES;
				CLANG_ANALYZER_NUMBER_OBJECT_CONVERSION = YES_AGGRESSIVE;
				CLANG_CXX_LANGUAGE_STANDARD = "gnu++14";
				CLANG_CXX_LIBRARY = "libc++";
				CLANG_ENABLE_MODULES = YES;
				CLANG_ENABLE_OBJC_ARC = YES;
				CLANG_WARN_BLOCK_CAPTURE_AUTORELEASING = YES;
				CLANG_WARN_BOOL_CONVERSION = YES;
				CLANG_WARN_COMMA = YES;
				CLANG_WARN_CONSTANT_CONVERSION = YES;
				CLANG_WARN_DIRECT_OBJC_ISA_USAGE = YES_ERROR;
				CLANG_WARN_DOCUMENTATION_COMMENTS = YES;
				CLANG_WARN_EMPTY_BODY = YES;
				CLANG_WARN_ENUM_CONVERSION = YES;
				CLANG_WARN_INFINITE_RECURSION = YES;
				CLANG_WARN_INT_CONVERSION = YES;
				CLANG_WARN_NON_LITERAL_NULL_CONVERSION = YES;
				CLANG_WARN_OBJC_LITERAL_CONVERSION = YES;
				CLANG_WARN_OBJC_ROOT_CLASS = YES_ERROR;
				CLANG_WARN_RANGE_LOOP_ANALYSIS = YES;
				CLANG_WARN_STRICT_PROTOTYPES = YES;
				CLANG_WARN_SUSPICIOUS_MOVE = YES;
				CLANG_WARN_UNGUARDED_AVAILABILITY = YES_AGGRESSIVE;
				CLANG_WARN_UNREACHABLE_CODE = YES;
				CLANG_WARN__DUPLICATE_METHOD_MATCH = YES;
				CODE_SIGN_IDENTITY = "iPhone Developer";
				COPY_PHASE_STRIP = NO;
				DEBUG_INFORMATION_FORMAT = "dwarf-with-dsym";
				ENABLE_NS_ASSERTIONS = NO;
				ENABLE_STRICT_OBJC_MSGSEND = YES;
				GCC_C_LANGUAGE_STANDARD = gnu11;
				GCC_NO_COMMON_BLOCKS = YES;
				GCC_WARN_64_TO_32_BIT_CONVERSION = YES;
				GCC_WARN_ABOUT_RETURN_TYPE = YES_ERROR;
				GCC_WARN_UNDECLARED_SELECTOR = YES;
				GCC_WARN_UNINITIALIZED_AUTOS = YES_AGGRESSIVE;
				GCC_WARN_UNUSED_FUNCTION = YES;
				GCC_WARN_UNUSED_VARIABLE = YES;
				IPHONEOS_DEPLOYMENT_TARGET = 11.2;
				MTL_ENABLE_DEBUG_INFO = NO;
				SDKROOT = iphoneos;
				SWIFT_OPTIMIZATION_LEVEL = "-Owholemodule";
				VALIDATE_PRODUCT = YES;
			};
			name = Release;
		};
		7246B20E205F6EA50094DC45 /* Debug */ = {
			isa = XCBuildConfiguration;
			buildSettings = {
				ASSETCATALOG_COMPILER_APPICON_NAME = AppIcon;
				CODE_SIGN_ENTITLEMENTS = "Asian Hospital/Asian Hospital.entitlements";
				CODE_SIGN_STYLE = Automatic;
				DEVELOPMENT_TEAM = HXUZ5RS598;
				INFOPLIST_FILE = "Asian Hospital/Info.plist";
				IPHONEOS_DEPLOYMENT_TARGET = 9.0;
				LD_RUNPATH_SEARCH_PATHS = "$(inherited) @executable_path/Frameworks";
				PRODUCT_BUNDLE_IDENTIFIER = com.asianhospital.iOSApp;
				PRODUCT_NAME = "$(TARGET_NAME)";
				SWIFT_VERSION = 4.0;
				TARGETED_DEVICE_FAMILY = 1;
			};
			name = Debug;
		};
		7246B20F205F6EA50094DC45 /* Release */ = {
			isa = XCBuildConfiguration;
			buildSettings = {
				ASSETCATALOG_COMPILER_APPICON_NAME = AppIcon;
				CODE_SIGN_ENTITLEMENTS = "Asian Hospital/Asian Hospital.entitlements";
				CODE_SIGN_STYLE = Automatic;
				DEVELOPMENT_TEAM = HXUZ5RS598;
				INFOPLIST_FILE = "Asian Hospital/Info.plist";
				IPHONEOS_DEPLOYMENT_TARGET = 9.0;
				LD_RUNPATH_SEARCH_PATHS = "$(inherited) @executable_path/Frameworks";
				PRODUCT_BUNDLE_IDENTIFIER = com.asianhospital.iOSApp;
				PRODUCT_NAME = "$(TARGET_NAME)";
				SWIFT_VERSION = 4.0;
				TARGETED_DEVICE_FAMILY = 1;
			};
			name = Release;
		};
/* End XCBuildConfiguration section */

/* Begin XCConfigurationList section */
		7246B1F6205F6EA50094DC45 /* Build configuration list for PBXProject "Asian Hospital" */ = {
			isa = XCConfigurationList;
			buildConfigurations = (
				7246B20B205F6EA50094DC45 /* Debug */,
				7246B20C205F6EA50094DC45 /* Release */,
			);
			defaultConfigurationIsVisible = 0;
			defaultConfigurationName = Release;
		};
		7246B20D205F6EA50094DC45 /* Build configuration list for PBXNativeTarget "Asian Hospital" */ = {
			isa = XCConfigurationList;
			buildConfigurations = (
				7246B20E205F6EA50094DC45 /* Debug */,
				7246B20F205F6EA50094DC45 /* Release */,
			);
			defaultConfigurationIsVisible = 0;
			defaultConfigurationName = Release;
		};
/* End XCConfigurationList section */
	};
	rootObject = 7246B1F3205F6EA50094DC45 /* Project object */;
}
